
Microsoft Visual Studio Solution File, Format Version 12.00
Project("{FAE04EC0-301F-11D3-BF4B-00C04F79EFBC}") = "HW17", "HW17\HW17.csproj", "{3CDD58FF-9EDF-4D21-A2CC-BEAF53C14DBC}"
EndProject
Global
	GlobalSection(SolutionConfigurationPlatforms) = preSolution
		Debug|Any CPU = Debug|Any CPU
		Release|Any CPU = Release|Any CPU
	EndGlobalSection
	GlobalSection(ProjectConfigurationPlatforms) = postSolution
		{3CDD58FF-9EDF-4D21-A2CC-BEAF53C14DBC}.Debug|Any CPU.ActiveCfg = Debug|Any CPU
		{3CDD58FF-9EDF-4D21-A2CC-BEAF53C14DBC}.Debug|Any CPU.Build.0 = Debug|Any CPU
		{3CDD58FF-9EDF-4D21-A2CC-BEAF53C14DBC}.Release|Any CPU.ActiveCfg = Release|Any CPU
		{3CDD58FF-9EDF-4D21-A2CC-BEAF53C14DBC}.Release|Any CPU.Build.0 = Release|Any CPU
	EndGlobalSection
EndGlobal
